# GENERATED from versions.yml by 'make versions' -- DO NOT EDIT
# Source of truth: versions.yml (runner_images). Consumed by scripts/lib/runner-images.sh (briklab.runner_images.pull).
# Digest-pinned so a clean rebuild pulls the exact images the E2E suite was validated against.
# Format: <ref>:<tag>@<digest>. The pull helper fetches the digest and tags it <ref>:<tag> locally.
images:
  - ghcr.io/getbrik/brik-runner-base:latest@sha256:84893ee28f9816df969a3509c28bd0a0b68083d01d1b3ef76b5b7b487cf25cbd
  - ghcr.io/getbrik/brik-runner-node:22@sha256:c4e51b106937ce77f537035a33f0228c11afab493a23793b5293f9e1704ec46a
  - ghcr.io/getbrik/brik-runner-node:24@sha256:1dc21b32962b00225026b7264d088c9db4e7c3ae32799bb5369e2ab49ecdcc09
  - ghcr.io/getbrik/brik-runner-python:3.13@sha256:0c7b63e9a1577d8b3d4778a4061a5100bf5ec41119f80e235a231f8661e8038c
  - ghcr.io/getbrik/brik-runner-python:3.14@sha256:91c379a3f3a91e2a4a3fd987bc3357030ac199f8d4fae07599ef161ff1e230be
  - ghcr.io/getbrik/brik-runner-java:21@sha256:c12c2404ccb355c3deb06d45885d0c4fd12f452838d7f791e57a82c8ca9fded6
  - ghcr.io/getbrik/brik-runner-java:25@sha256:719bd4823244c88efbb11335f7c725d5eea6c4d1a712879ce626cb623cf39aee
  - ghcr.io/getbrik/brik-runner-rust:1@sha256:b327d13de8095575488de518642477835b99cc3ca322ad4d2bda6d28db920a5b
  - ghcr.io/getbrik/brik-runner-dotnet:9.0@sha256:c84e4f185d434b9ac4b0c850d6538a75af32eb651a9f369bf9a9eec1c171cc6c
  - ghcr.io/getbrik/brik-runner-dotnet:10.0@sha256:f2b3f81b45f6cc6f7ec59ff766b828e8ca3b928862c131cda11597ef83fab81e
  - ghcr.io/getbrik/brik-runner-analysis:latest@sha256:eadc9a91fe705aececdbf6b220a1c039296c3bc8e0bb5f0d9f912418a2096a11
  - ghcr.io/getbrik/brik-runner-scanner:latest@sha256:2b4b0b7d102702da563f713eb43cbe818e1290673ab9b03264b25b26a2aa1d0e
  - ghcr.io/getbrik/brik-runner-deploy:latest@sha256:4b1b1a0b97587b4bfaffb4e871605d82526cf04e3e16993c0ae45a2960cf7b99
